
Microsoft Visual Studio Solution File, Format Version 12.00
# Visual Studio 14
VisualStudioVersion = 14.0.23107.0
MinimumVisualStudioVersion = 10.0.40219.1
Project("{888888A0-9F3D-457C-B088-3A5042F75D52}") = "PlanetMap", "PlanetMap\PlanetMap.pyproj", "{977C87D6-FA8D-4165-8B62-41DA4546D7AA}"
EndProject
Project("{888888A0-9F3D-457C-B088-3A5042F75D52}") = "DataService", "DataService\DataService.pyproj", "{BDC4B088-FF99-4883-99AE-50D0AD95042F}"
EndProject
Global
	GlobalSection(SolutionConfigurationPlatforms) = preSolution
		Debug|Any CPU = Debug|Any CPU
		Release|Any CPU = Release|Any CPU
	EndGlobalSection
	GlobalSection(ProjectConfigurationPlatforms) = postSolution
		{977C87D6-FA8D-4165-8B62-41DA4546D7AA}.Debug|Any CPU.ActiveCfg = Debug|Any CPU
		{977C87D6-FA8D-4165-8B62-41DA4546D7AA}.Debug|Any CPU.Build.0 = Debug|Any CPU
		{977C87D6-FA8D-4165-8B62-41DA4546D7AA}.Release|Any CPU.ActiveCfg = Release|Any CPU
		{977C87D6-FA8D-4165-8B62-41DA4546D7AA}.Release|Any CPU.Build.0 = Release|Any CPU
		{BDC4B088-FF99-4883-99AE-50D0AD95042F}.Debug|Any CPU.ActiveCfg = Debug|Any CPU
		{BDC4B088-FF99-4883-99AE-50D0AD95042F}.Release|Any CPU.ActiveCfg = Release|Any CPU
	EndGlobalSection
	GlobalSection(SolutionProperties) = preSolution
		HideSolutionNode = FALSE
	EndGlobalSection
EndGlobal
